
Microsoft Visual Studio Solution File, Format Version 12.00
# Visual Studio Version 16
VisualStudioVersion = 16.0.31911.196
MinimumVisualStudioVersion = 10.0.40219.1
Project("{FAE04EC0-301F-11D3-BF4B-00C04F79EFBC}") = "GFS", "GFS\GFS.csproj", "{900E0CF6-A8C9-4A68-A03D-801462B5C3A6}"
EndProject
Global
	GlobalSection(SolutionConfigurationPlatforms) = preSolution
		Debug|Any CPU = Debug|Any CPU
		Release|Any CPU = Release|Any CPU
	EndGlobalSection
	GlobalSection(ProjectConfigurationPlatforms) = postSolution
		{900E0CF6-A8C9-4A68-A03D-801462B5C3A6}.Debug|Any CPU.ActiveCfg = Debug|Any CPU
		{900E0CF6-A8C9-4A68-A03D-801462B5C3A6}.Debug|Any CPU.Build.0 = Debug|Any CPU
		{900E0CF6-A8C9-4A68-A03D-801462B5C3A6}.Release|Any CPU.ActiveCfg = Release|Any CPU
		{900E0CF6-A8C9-4A68-A03D-801462B5C3A6}.Release|Any CPU.Build.0 = Release|Any CPU
	EndGlobalSection
	GlobalSection(SolutionProperties) = preSolution
		HideSolutionNode = FALSE
	EndGlobalSection
	GlobalSection(ExtensibilityGlobals) = postSolution
		SolutionGuid = {5FAD8F7B-021F-4417-8211-E20AD8FD4767}
	EndGlobalSection
EndGlobal
